
Microsoft Visual Studio Solution File, Format Version 12.00
# Visual Studio 15
VisualStudioVersion = 15.0.26124.0
MinimumVisualStudioVersion = 15.0.26124.0
Project("{FAE04EC0-301F-11D3-BF4B-00C04F79EFBC}") = "Safe.Models", "Safe.Models\Safe.Models.csproj", "{E9EFAD31-663E-4345-BB22-6DF367CACD0B}"
EndProject
Project("{FAE04EC0-301F-11D3-BF4B-00C04F79EFBC}") = "Safe.Data", "Safe.Data\Safe.Data.csproj", "{72AED463-033A-4549-8E38-3FBF9B05394C}"
EndProject
Project("{FAE04EC0-301F-11D3-BF4B-00C04F79EFBC}") = "Safe.Runner", "Safe.Runner\Safe.Runner.csproj", "{B126EFDB-203C-4452-8E12-927E77D57E61}"
EndProject
Global
	GlobalSection(SolutionConfigurationPlatforms) = preSolution
		Debug|Any CPU = Debug|Any CPU
		Debug|x64 = Debug|x64
		Debug|x86 = Debug|x86
		Release|Any CPU = Release|Any CPU
		Release|x64 = Release|x64
		Release|x86 = Release|x86
	EndGlobalSection
	GlobalSection(SolutionProperties) = preSolution
		HideSolutionNode = FALSE
	EndGlobalSection
	GlobalSection(ProjectConfigurationPlatforms) = postSolution
		{E9EFAD31-663E-4345-BB22-6DF367CACD0B}.Debug|Any CPU.ActiveCfg = Debug|Any CPU
		{E9EFAD31-663E-4345-BB22-6DF367CACD0B}.Debug|Any CPU.Build.0 = Debug|Any CPU
		{E9EFAD31-663E-4345-BB22-6DF367CACD0B}.Debug|x64.ActiveCfg = Debug|Any CPU
		{E9EFAD31-663E-4345-BB22-6DF367CACD0B}.Debug|x64.Build.0 = Debug|Any CPU
		{E9EFAD31-663E-4345-BB22-6DF367CACD0B}.Debug|x86.ActiveCfg = Debug|Any CPU
		{E9EFAD31-663E-4345-BB22-6DF367CACD0B}.Debug|x86.Build.0 = Debug|Any CPU
		{E9EFAD31-663E-4345-BB22-6DF367CACD0B}.Release|Any CPU.ActiveCfg = Release|Any CPU
		{E9EFAD31-663E-4345-BB22-6DF367CACD0B}.Release|Any CPU.Build.0 = Release|Any CPU
		{E9EFAD31-663E-4345-BB22-6DF367CACD0B}.Release|x64.ActiveCfg = Release|Any CPU
		{E9EFAD31-663E-4345-BB22-6DF367CACD0B}.Release|x64.Build.0 = Release|Any CPU
		{E9EFAD31-663E-4345-BB22-6DF367CACD0B}.Release|x86.ActiveCfg = Release|Any CPU
		{E9EFAD31-663E-4345-BB22-6DF367CACD0B}.Release|x86.Build.0 = Release|Any CPU
		{72AED463-033A-4549-8E38-3FBF9B05394C}.Debug|Any CPU.ActiveCfg = Debug|Any CPU
		{72AED463-033A-4549-8E38-3FBF9B05394C}.Debug|Any CPU.Build.0 = Debug|Any CPU
		{72AED463-033A-4549-8E38-3FBF9B05394C}.Debug|x64.ActiveCfg = Debug|Any CPU
		{72AED463-033A-4549-8E38-3FBF9B05394C}.Debug|x64.Build.0 = Debug|Any CPU
		{72AED463-033A-4549-8E38-3FBF9B05394C}.Debug|x86.ActiveCfg = Debug|Any CPU
		{72AED463-033A-4549-8E38-3FBF9B05394C}.Debug|x86.Build.0 = Debug|Any CPU
		{72AED463-033A-4549-8E38-3FBF9B05394C}.Release|Any CPU.ActiveCfg = Release|Any CPU
		{72AED463-033A-4549-8E38-3FBF9B05394C}.Release|Any CPU.Build.0 = Release|Any CPU
		{72AED463-033A-4549-8E38-3FBF9B05394C}.Release|x64.ActiveCfg = Release|Any CPU
		{72AED463-033A-4549-8E38-3FBF9B05394C}.Release|x64.Build.0 = Release|Any CPU
		{72AED463-033A-4549-8E38-3FBF9B05394C}.Release|x86.ActiveCfg = Release|Any CPU
		{72AED463-033A-4549-8E38-3FBF9B05394C}.Release|x86.Build.0 = Release|Any CPU
		{B126EFDB-203C-4452-8E12-927E77D57E61}.Debug|Any CPU.ActiveCfg = Debug|Any CPU
		{B126EFDB-203C-4452-8E12-927E77D57E61}.Debug|Any CPU.Build.0 = Debug|Any CPU
		{B126EFDB-203C-4452-8E12-927E77D57E61}.Debug|x64.ActiveCfg = Debug|Any CPU
		{B126EFDB-203C-4452-8E12-927E77D57E61}.Debug|x64.Build.0 = Debug|Any CPU
		{B126EFDB-203C-4452-8E12-927E77D57E61}.Debug|x86.ActiveCfg = Debug|Any CPU
		{B126EFDB-203C-4452-8E12-927E77D57E61}.Debug|x86.Build.0 = Debug|Any CPU
		{B126EFDB-203C-4452-8E12-927E77D57E61}.Release|Any CPU.ActiveCfg = Release|Any CPU
		{B126EFDB-203C-4452-8E12-927E77D57E61}.Release|Any CPU.Build.0 = Release|Any CPU
		{B126EFDB-203C-4452-8E12-927E77D57E61}.Release|x64.ActiveCfg = Release|Any CPU
		{B126EFDB-203C-4452-8E12-927E77D57E61}.Release|x64.Build.0 = Release|Any CPU
		{B126EFDB-203C-4452-8E12-927E77D57E61}.Release|x86.ActiveCfg = Release|Any CPU
		{B126EFDB-203C-4452-8E12-927E77D57E61}.Release|x86.Build.0 = Release|Any CPU
	EndGlobalSection
EndGlobal
